# THIS IS AN AUTOGENERATED FILE. DO NOT EDIT THIS FILE DIRECTLY.
# yarn lockfile v1


"@bugsnag/browser@^7.17.0":
  version "7.17.0"
  resolved "https://registry.yarnpkg.com/@bugsnag/browser/-/browser-7.17.0.tgz#c777d673df6075d001a2a7eb290ea37e6b2411d2"
  integrity sha512-hTF1Bb62kIDN576vVw+u2m1kyT4b/1lDlAOxi5S+T1npydd+DKPQToXNbRJr29z23Ni+GG26uWA1c+rzWdYRDQ==
  dependencies:
    "@bugsnag/core" "^7.17.0"

"@bugsnag/core@^7.17.0":
  version "7.17.0"
  resolved "https://registry.yarnpkg.com/@bugsnag/core/-/core-7.17.0.tgz#0422b87108c7807f6e334a573213126685b6df3d"
  integrity sha512-qt3+Ub64tspbdb6wMiJZIOFyKGv7ZSGRa66GjBmW3Y9cTb42Y8cNx1/0hxY4cDhSbwfunGTqKCcjFRrRcTlfNA==
  dependencies:
    "@bugsnag/cuid" "^3.0.0"
    "@bugsnag/safe-json-stringify" "^6.0.0"
    error-stack-parser "^2.0.3"
    iserror "0.0.2"
    stack-generator "^2.0.3"

"@bugsnag/cuid@^3.0.0":
  version "3.0.0"
  resolved "https://registry.yarnpkg.com/@bugsnag/cuid/-/cuid-3.0.0.tgz#2ee7642a30aee6dc86f5e7f824653741e42e5c35"
  integrity sha512-LOt8aaBI+KvOQGneBtpuCz3YqzyEAehd1f3nC5yr9TIYW1+IzYKa2xWS4EiMz5pPOnRPHkyyS5t/wmSmN51Gjg==

"@bugsnag/js@^7.17.0":
  version "7.17.0"
  resolved "https://registry.yarnpkg.com/@bugsnag/js/-/js-7.17.0.tgz#0cabaee93bcb8436025a8d60932793cd133f3346"
  integrity sha512-wBiB/4wv3X6Iw2HrU7wywGnT+tt1DfOJjTeZIcWVzJ4u9b5avx4SmvJogfHjYRV/BIZaGuG5wxZU/0NsQy429g==
  dependencies:
    "@bugsnag/browser" "^7.17.0"
    "@bugsnag/node" "^7.17.0"

"@bugsnag/node@^7.17.0":
  version "7.17.0"
  resolved "https://registry.yarnpkg.com/@bugsnag/node/-/node-7.17.0.tgz#900cc24a543ed60c95bdaa3fa263e86dc4cb7444"
  integrity sha512-tTk7QMp0eKTg8p0W404xnWHsAbz+cO7wyBUwrw2FAcLYj4QIbMqz0l0hjpwN+qUl07RbCrgdKA/RWN1Evf5ziw==
  dependencies:
    "@bugsnag/core" "^7.17.0"
    byline "^5.0.0"
    error-stack-parser "^2.0.2"
    iserror "^0.0.2"
    pump "^3.0.0"
    stack-generator "^2.0.3"

"@bugsnag/plugin-express@^7.17.0":
  version "7.17.0"
  resolved "https://registry.yarnpkg.com/@bugsnag/plugin-express/-/plugin-express-7.17.0.tgz#6485296d23867c93de0f7b5a508e6ab58d05d349"
  integrity sha512-9DMbR+3vkKGucrItxxeCGt2PtBMOnvbbli9opprv26j/nWfaN/RtcwaH43HoNh37/LHQbINnc377RhD/21aE8A==
  dependencies:
    iserror "^0.0.2"

"@bugsnag/safe-json-stringify@^6.0.0":
  version "6.0.0"
  resolved "https://registry.yarnpkg.com/@bugsnag/safe-json-stringify/-/safe-json-stringify-6.0.0.tgz#22abdcd83e008c369902976730c34c150148a758"
  integrity sha512-htzFO1Zc57S8kgdRK9mLcPVTW1BY2ijfH7Dk2CeZmspTWKdKqSo1iwmqrq2WtRjFlo8aRZYgLX0wFrDXF/9DLA==

"@frontapp/infra-bugsnag@file:../../frontapp/infra-bugsnag":
  version "1.0.8"
  dependencies:
    "@bugsnag/js" "^7.17.0"
    "@bugsnag/plugin-express" "^7.17.0"

"@tsconfig/node16@^1.0.3":
  version "1.0.3"
  resolved "https://registry.yarnpkg.com/@tsconfig/node16/-/node16-1.0.3.tgz#472eaab5f15c1ffdd7f8628bd4c4f753995ec79e"
  integrity sha512-yOlFc+7UtL/89t2ZhjPvvB/DeAr3r+Dq58IgzsFkOAvVC6NMJXmCGjbptdXdR9qsX7pKcTL+s87FtYREi2dEEQ==

"@types/node@^18.7.13":
  version "18.7.13"
  resolved "https://registry.yarnpkg.com/@types/node/-/node-18.7.13.tgz#23e6c5168333480d454243378b69e861ab5c011a"
  integrity sha512-46yIhxSe5xEaJZXWdIBP7GU4HDTG8/eo0qd9atdiL+lFpA03y8KS+lkTN834TWJj5767GbWv4n/P6efyTFt1Dw==

byline@^5.0.0:
  version "5.0.0"
  resolved "https://registry.yarnpkg.com/byline/-/byline-5.0.0.tgz#741c5216468eadc457b03410118ad77de8c1ddb1"
  integrity sha512-s6webAy+R4SR8XVuJWt2V2rGvhnrhxN+9S15GNuTK3wKPOXFF6RNc+8ug2XhH+2s4f+uudG4kUVYmYOQWL2g0Q==

end-of-stream@^1.1.0:
  version "1.4.4"
  resolved "https://registry.yarnpkg.com/end-of-stream/-/end-of-stream-1.4.4.tgz#5ae64a5f45057baf3626ec14da0ca5e4b2431eb0"
  integrity sha512-+uw1inIHVPQoaVuHzRyXd21icM+cnt4CzD5rW+NC1wjOUSTOs+Te7FOv7AhN7vS9x/oIyhLP5PR1H+phQAHu5Q==
  dependencies:
    once "^1.4.0"

error-stack-parser@^2.0.2, error-stack-parser@^2.0.3:
  version "2.1.4"
  resolved "https://registry.yarnpkg.com/error-stack-parser/-/error-stack-parser-2.1.4.tgz#229cb01cdbfa84440bfa91876285b94680188286"
  integrity sha512-Sk5V6wVazPhq5MhpO+AUxJn5x7XSXGl1R93Vn7i+zS15KDVxQijejNCrz8340/2bgLBjR9GtEG8ZVKONDjcqGQ==
  dependencies:
    stackframe "^1.3.4"

iserror@0.0.2, iserror@^0.0.2:
  version "0.0.2"
  resolved "https://registry.yarnpkg.com/iserror/-/iserror-0.0.2.tgz#bd53451fe2f668b9f2402c1966787aaa2c7c0bf5"
  integrity sha512-oKGGrFVaWwETimP3SiWwjDeY27ovZoyZPHtxblC4hCq9fXxed/jasx+ATWFFjCVSRZng8VTMsN1nDnGo6zMBSw==

once@^1.3.1, once@^1.4.0:
  version "1.4.0"
  resolved "https://registry.yarnpkg.com/once/-/once-1.4.0.tgz#583b1aa775961d4b113ac17d9c50baef9dd76bd1"
  integrity sha512-lNaJgI+2Q5URQBkccEKHTQOPaXdUxnZZElQTZY0MFUAuaEqe1E+Nyvgdz/aIyNi6Z9MzO5dv1H8n58/GELp3+w==
  dependencies:
    wrappy "1"

pump@^3.0.0:
  version "3.0.0"
  resolved "https://registry.yarnpkg.com/pump/-/pump-3.0.0.tgz#b4a2116815bde2f4e1ea602354e8c75565107a64"
  integrity sha512-LwZy+p3SFs1Pytd/jYct4wpv49HiYCqd9Rlc5ZVdk0V+8Yzv6jR5Blk3TRmPL1ft69TxP0IMZGJ+WPFU2BFhww==
  dependencies:
    end-of-stream "^1.1.0"
    once "^1.3.1"

stack-generator@^2.0.3:
  version "2.0.10"
  resolved "https://registry.yarnpkg.com/stack-generator/-/stack-generator-2.0.10.tgz#8ae171e985ed62287d4f1ed55a1633b3fb53bb4d"
  integrity sha512-mwnua/hkqM6pF4k8SnmZ2zfETsRUpWXREfA/goT8SLCV4iOFa4bzOX2nDipWAZFPTjLvQB82f5yaodMVhK0yJQ==
  dependencies:
    stackframe "^1.3.4"

stackframe@^1.3.4:
  version "1.3.4"
  resolved "https://registry.yarnpkg.com/stackframe/-/stackframe-1.3.4.tgz#b881a004c8c149a5e8efef37d51b16e412943310"
  integrity sha512-oeVtt7eWQS+Na6F//S4kJ2K2VbRlS9D43mAlMyVpVWovy9o+jfgH8O9agzANzaiLjclA0oYzUXEM4PurhSUChw==

wrappy@1:
  version "1.0.2"
  resolved "https://registry.yarnpkg.com/wrappy/-/wrappy-1.0.2.tgz#b5243d8f3ec1aa35f1364605bc0d1036e30ab69f"
  integrity sha512-l4Sp/DRseor9wL6EvV2+TuQn63dMkPjZ/sp9XkghTEbV9KlPS1xUsZ3u7/IQO4wxtcFB4bgpQPRcR3QCvezPcQ==
